// !$*UTF8*$!
{
	archiveVersion = 1;
	classes = {
	};
	objectVersion = 48;
	objects = {

/* Begin PBXBuildFile section */
		EF8514482023EF2300640A0F /* bn_skew_frobenius.c in Sources */ = {isa = PBXBuildFile; fileRef = EF8514462023EF2300640A0F /* bn_skew_frobenius.c */; };
		EF85144B2023EFE300640A0F /* bn_twist.c in Sources */ = {isa = PBXBuildFile; fileRef = EF8514492023EFE300640A0F /* bn_twist.c */; };
		EF85144E2023F0A300640A0F /* bn_line_ate.c in Sources */ = {isa = PBXBuildFile; fileRef = EF85144C2023F0A300640A0F /* bn_line_ate.c */; };
		EF8514512023F13200640A0F /* bn_p8sparse.c in Sources */ = {isa = PBXBuildFile; fileRef = EF85144F2023F13200640A0F /* bn_p8sparse.c */; };
		EF8514542023F2C100640A0F /* bn_final_exp.c in Sources */ = {isa = PBXBuildFile; fileRef = EF8514522023F2C100640A0F /* bn_final_exp.c */; };
		EF85145A2023F65500640A0F /* bn_line_tate.c in Sources */ = {isa = PBXBuildFile; fileRef = EF8514582023F65500640A0F /* bn_line_tate.c */; };
		EF85145D2023F6BE00640A0F /* bn_miller_optate.c in Sources */ = {isa = PBXBuildFile; fileRef = EF85145B2023F6BE00640A0F /* bn_miller_optate.c */; };
		EF8514602023F7A400640A0F /* bn_miller_ate.c in Sources */ = {isa = PBXBuildFile; fileRef = EF85145E2023F7A400640A0F /* bn_miller_ate.c */; };
		EF8514632023FA3600640A0F /* bn_miller_tate.c in Sources */ = {isa = PBXBuildFile; fileRef = EF8514612023FA3600640A0F /* bn_miller_tate.c */; };
		EF8514662023FD3600640A0F /* bn_miller_xate.c in Sources */ = {isa = PBXBuildFile; fileRef = EF8514642023FD3600640A0F /* bn_miller_xate.c */; };
		EF8514692023FE1400640A0F /* bn_pairings.c in Sources */ = {isa = PBXBuildFile; fileRef = EF8514672023FE1400640A0F /* bn_pairings.c */; };
		EF85146C2024026C00640A0F /* bn_pairing_test.c in Sources */ = {isa = PBXBuildFile; fileRef = EF85146A2024026C00640A0F /* bn_pairing_test.c */; };
		EFAD382B2028065D00DA5197 /* bls12_timeprint.c in Sources */ = {isa = PBXBuildFile; fileRef = EFAD38292028065D00DA5197 /* bls12_timeprint.c */; };
		EFAD382E2028073400DA5197 /* bls12_twist.c in Sources */ = {isa = PBXBuildFile; fileRef = EFAD382C2028073400DA5197 /* bls12_twist.c */; };
		EFAD3831202836AE00DA5197 /* bls12_inits.c in Sources */ = {isa = PBXBuildFile; fileRef = EFAD382F202836AE00DA5197 /* bls12_inits.c */; };
		EFAD383720286BDF00DA5197 /* bls12_frobenius.c in Sources */ = {isa = PBXBuildFile; fileRef = EFAD383520286BDF00DA5197 /* bls12_frobenius.c */; };
		EFAD383A20286C4000DA5197 /* bls12_skew_frobenius.c in Sources */ = {isa = PBXBuildFile; fileRef = EFAD383820286C4000DA5197 /* bls12_skew_frobenius.c */; };
		EFAD383D20286C8700DA5197 /* bls12_finalexp.c in Sources */ = {isa = PBXBuildFile; fileRef = EFAD383B20286C8700DA5197 /* bls12_finalexp.c */; };
		EFAD384020286D8600DA5197 /* bls12_p8sparse.c in Sources */ = {isa = PBXBuildFile; fileRef = EFAD383E20286D8600DA5197 /* bls12_p8sparse.c */; };
		EFB2B7B1202927D1006973E8 /* bls12_line_ate.c in Sources */ = {isa = PBXBuildFile; fileRef = EFB2B7AF202927D1006973E8 /* bls12_line_ate.c */; };
		EFB2B7B420292865006973E8 /* bls12_line_tate.c in Sources */ = {isa = PBXBuildFile; fileRef = EFB2B7B220292865006973E8 /* bls12_line_tate.c */; };
		EFB2B7B7202928C7006973E8 /* bls12_miller_tate.c in Sources */ = {isa = PBXBuildFile; fileRef = EFB2B7B5202928C7006973E8 /* bls12_miller_tate.c */; };
		EFB2B7BA20293004006973E8 /* bls12_miller_ate.c in Sources */ = {isa = PBXBuildFile; fileRef = EFB2B7B820293004006973E8 /* bls12_miller_ate.c */; };
		EFB2B7BD20293096006973E8 /* bls12_miller_optate.c in Sources */ = {isa = PBXBuildFile; fileRef = EFB2B7BB20293096006973E8 /* bls12_miller_optate.c */; };
		EFB2B7C020293100006973E8 /* bls12_pairings.c in Sources */ = {isa = PBXBuildFile; fileRef = EFB2B7BE20293100006973E8 /* bls12_pairings.c */; };
		EFB2B7C320293526006973E8 /* bls12_generate_points.c in Sources */ = {isa = PBXBuildFile; fileRef = EFB2B7C120293526006973E8 /* bls12_generate_points.c */; };
		EFB2B7C620294065006973E8 /* bls12_scm.c in Sources */ = {isa = PBXBuildFile; fileRef = EFB2B7C420294065006973E8 /* bls12_scm.c */; };
		EFB2B7C9202941F2006973E8 /* bls12_G3_exp.c in Sources */ = {isa = PBXBuildFile; fileRef = EFB2B7C7202941F2006973E8 /* bls12_G3_exp.c */; };
		EFB2B7CC202942ED006973E8 /* bls12_test_pairings.c in Sources */ = {isa = PBXBuildFile; fileRef = EFB2B7CA202942EC006973E8 /* bls12_test_pairings.c */; };
		EFBDC70E20216C9F00A70838 /* bn_fp6.c in Sources */ = {isa = PBXBuildFile; fileRef = EFBDC70C20216C9F00A70838 /* bn_fp6.c */; };
		EFBDC71120216D0200A70838 /* bn_fp12.c in Sources */ = {isa = PBXBuildFile; fileRef = EFBDC70F20216D0200A70838 /* bn_fp12.c */; };
		EFBDC7142021751D00A70838 /* bn_bls12_precoms.c in Sources */ = {isa = PBXBuildFile; fileRef = EFBDC7122021751D00A70838 /* bn_bls12_precoms.c */; };
		EFBDC7172022D50800A70838 /* bn_inits.c in Sources */ = {isa = PBXBuildFile; fileRef = EFBDC7152022D50800A70838 /* bn_inits.c */; };
		EFBDC71A2022DB1500A70838 /* bn_clears.c in Sources */ = {isa = PBXBuildFile; fileRef = EFBDC7182022DB1500A70838 /* bn_clears.c */; };
		EFBDC71D2022E28E00A70838 /* bn_utils.c in Sources */ = {isa = PBXBuildFile; fileRef = EFBDC71B2022E28E00A70838 /* bn_utils.c */; };
		EFBDC7202022EA6600A70838 /* bn_prints.c in Sources */ = {isa = PBXBuildFile; fileRef = EFBDC71E2022EA6600A70838 /* bn_prints.c */; };
		EFBDC7232022F9AA00A70838 /* bn_efp.c in Sources */ = {isa = PBXBuildFile; fileRef = EFBDC7212022F9AA00A70838 /* bn_efp.c */; };
		EFBDC7292022FCCD00A70838 /* bn_efp2.c in Sources */ = {isa = PBXBuildFile; fileRef = EFBDC7272022FCCD00A70838 /* bn_efp2.c */; };
		EFBDC72C2022FEA200A70838 /* bn_efp6.c in Sources */ = {isa = PBXBuildFile; fileRef = EFBDC72A2022FEA200A70838 /* bn_efp6.c */; };
		EFBDC72F2022FF1100A70838 /* bn_efp12.c in Sources */ = {isa = PBXBuildFile; fileRef = EFBDC72D2022FF1100A70838 /* bn_efp12.c */; };
		EFBDC7322023093200A70838 /* bn_generate_points.c in Sources */ = {isa = PBXBuildFile; fileRef = EFBDC7302023093200A70838 /* bn_generate_points.c */; };
		EFBDC735202309C100A70838 /* bn_frobenius.c in Sources */ = {isa = PBXBuildFile; fileRef = EFBDC733202309C100A70838 /* bn_frobenius.c */; };
		EFC43EAA2019BF5D0033170A /* curve_settings.c in Sources */ = {isa = PBXBuildFile; fileRef = EFC43EA82019BF5D0033170A /* curve_settings.c */; };
		EFE89537203ABF5A00A4A377 /* kss16_inits.c in Sources */ = {isa = PBXBuildFile; fileRef = EFE89535203ABF5A00A4A377 /* kss16_inits.c */; };
		EFF14498201F0976009D8F2B /* bn_fp.c in Sources */ = {isa = PBXBuildFile; fileRef = EFF14497201F0976009D8F2B /* bn_fp.c */; };
		EFF1449B201F0AEA009D8F2B /* bn_fp2.c in Sources */ = {isa = PBXBuildFile; fileRef = EFF14499201F0AEA009D8F2B /* bn_fp2.c */; };
		EFFFEDD72019A1BC006B51FA /* main.c in Sources */ = {isa = PBXBuildFile; fileRef = EFFFEDD62019A1BC006B51FA /* main.c */; };
		EFFFEDDE2019A1CD006B51FA /* libgmp.a in Frameworks */ = {isa = PBXBuildFile; fileRef = EFFFEDDD2019A1CD006B51FA /* libgmp.a */; };
/* End PBXBuildFile section */

/* Begin PBXCopyFilesBuildPhase section */
		EFFFEDD12019A1BC006B51FA /* CopyFiles */ = {
			isa = PBXCopyFilesBuildPhase;
			buildActionMask = 2147483647;
			dstPath = /usr/share/man/man1/;
			dstSubfolderSpec = 0;
			files = (
			);
			runOnlyForDeploymentPostprocessing = 1;
		};
/* End PBXCopyFilesBuildPhase section */

/* Begin PBXFileReference section */
		EF8514462023EF2300640A0F /* bn_skew_frobenius.c */ = {isa = PBXFileReference; lastKnownFileType = sourcecode.c.c; path = bn_skew_frobenius.c; sourceTree = "<group>"; };
		EF8514472023EF2300640A0F /* bn_skew_frobenius.h */ = {isa = PBXFileReference; lastKnownFileType = sourcecode.c.h; path = bn_skew_frobenius.h; sourceTree = "<group>"; };
		EF8514492023EFE300640A0F /* bn_twist.c */ = {isa = PBXFileReference; lastKnownFileType = sourcecode.c.c; path = bn_twist.c; sourceTree = "<group>"; };
		EF85144A2023EFE300640A0F /* bn_twist.h */ = {isa = PBXFileReference; lastKnownFileType = sourcecode.c.h; path = bn_twist.h; sourceTree = "<group>"; };
		EF85144C2023F0A300640A0F /* bn_line_ate.c */ = {isa = PBXFileReference; lastKnownFileType = sourcecode.c.c; path = bn_line_ate.c; sourceTree = "<group>"; };
		EF85144D2023F0A300640A0F /* bn_line_ate.h */ = {isa = PBXFileReference; lastKnownFileType = sourcecode.c.h; path = bn_line_ate.h; sourceTree = "<group>"; };
		EF85144F2023F13200640A0F /* bn_p8sparse.c */ = {isa = PBXFileReference; lastKnownFileType = sourcecode.c.c; path = bn_p8sparse.c; sourceTree = "<group>"; };
		EF8514502023F13200640A0F /* bn_p8sparse.h */ = {isa = PBXFileReference; lastKnownFileType = sourcecode.c.h; path = bn_p8sparse.h; sourceTree = "<group>"; };
		EF8514522023F2C100640A0F /* bn_final_exp.c */ = {isa = PBXFileReference; lastKnownFileType = sourcecode.c.c; path = bn_final_exp.c; sourceTree = "<group>"; };
		EF8514532023F2C100640A0F /* bn_final_exp.h */ = {isa = PBXFileReference; lastKnownFileType = sourcecode.c.h; path = bn_final_exp.h; sourceTree = "<group>"; };
		EF8514582023F65500640A0F /* bn_line_tate.c */ = {isa = PBXFileReference; lastKnownFileType = sourcecode.c.c; path = bn_line_tate.c; sourceTree = "<group>"; };
		EF8514592023F65500640A0F /* bn_line_tate.h */ = {isa = PBXFileReference; lastKnownFileType = sourcecode.c.h; path = bn_line_tate.h; sourceTree = "<group>"; };
		EF85145B2023F6BE00640A0F /* bn_miller_optate.c */ = {isa = PBXFileReference; lastKnownFileType = sourcecode.c.c; path = bn_miller_optate.c; sourceTree = "<group>"; };
		EF85145C2023F6BE00640A0F /* bn_miller_optate.h */ = {isa = PBXFileReference; lastKnownFileType = sourcecode.c.h; path = bn_miller_optate.h; sourceTree = "<group>"; };
		EF85145E2023F7A400640A0F /* bn_miller_ate.c */ = {isa = PBXFileReference; lastKnownFileType = sourcecode.c.c; path = bn_miller_ate.c; sourceTree = "<group>"; };
		EF85145F2023F7A400640A0F /* bn_miller_ate.h */ = {isa = PBXFileReference; lastKnownFileType = sourcecode.c.h; path = bn_miller_ate.h; sourceTree = "<group>"; };
		EF8514612023FA3600640A0F /* bn_miller_tate.c */ = {isa = PBXFileReference; lastKnownFileType = sourcecode.c.c; path = bn_miller_tate.c; sourceTree = "<group>"; };
		EF8514622023FA3600640A0F /* bn_miller_tate.h */ = {isa = PBXFileReference; lastKnownFileType = sourcecode.c.h; path = bn_miller_tate.h; sourceTree = "<group>"; };
		EF8514642023FD3600640A0F /* bn_miller_xate.c */ = {isa = PBXFileReference; lastKnownFileType = sourcecode.c.c; path = bn_miller_xate.c; sourceTree = "<group>"; };
		EF8514652023FD3600640A0F /* bn_miller_xate.h */ = {isa = PBXFileReference; lastKnownFileType = sourcecode.c.h; path = bn_miller_xate.h; sourceTree = "<group>"; };
		EF8514672023FE1400640A0F /* bn_pairings.c */ = {isa = PBXFileReference; lastKnownFileType = sourcecode.c.c; path = bn_pairings.c; sourceTree = "<group>"; };
		EF8514682023FE1400640A0F /* bn_pairings.h */ = {isa = PBXFileReference; lastKnownFileType = sourcecode.c.h; path = bn_pairings.h; sourceTree = "<group>"; };
		EF85146A2024026C00640A0F /* bn_pairing_test.c */ = {isa = PBXFileReference; lastKnownFileType = sourcecode.c.c; path = bn_pairing_test.c; sourceTree = "<group>"; };
		EF85146B2024026C00640A0F /* bn_pairing_test.h */ = {isa = PBXFileReference; lastKnownFileType = sourcecode.c.h; path = bn_pairing_test.h; sourceTree = "<group>"; };
		EFAD38292028065D00DA5197 /* bls12_timeprint.c */ = {isa = PBXFileReference; lastKnownFileType = sourcecode.c.c; path = bls12_timeprint.c; sourceTree = "<group>"; };
		EFAD382A2028065D00DA5197 /* bls12_timeprint.h */ = {isa = PBXFileReference; lastKnownFileType = sourcecode.c.h; path = bls12_timeprint.h; sourceTree = "<group>"; };
		EFAD382C2028073400DA5197 /* bls12_twist.c */ = {isa = PBXFileReference; lastKnownFileType = sourcecode.c.c; path = bls12_twist.c; sourceTree = "<group>"; };
		EFAD382D2028073400DA5197 /* bls12_twist.h */ = {isa = PBXFileReference; lastKnownFileType = sourcecode.c.h; path = bls12_twist.h; sourceTree = "<group>"; };
		EFAD382F202836AE00DA5197 /* bls12_inits.c */ = {isa = PBXFileReference; lastKnownFileType = sourcecode.c.c; path = bls12_inits.c; sourceTree = "<group>"; };
		EFAD3830202836AE00DA5197 /* bls12_inits.h */ = {isa = PBXFileReference; lastKnownFileType = sourcecode.c.h; path = bls12_inits.h; sourceTree = "<group>"; };
		EFAD383520286BDF00DA5197 /* bls12_frobenius.c */ = {isa = PBXFileReference; lastKnownFileType = sourcecode.c.c; path = bls12_frobenius.c; sourceTree = "<group>"; };
		EFAD383620286BDF00DA5197 /* bls12_frobenius.h */ = {isa = PBXFileReference; lastKnownFileType = sourcecode.c.h; path = bls12_frobenius.h; sourceTree = "<group>"; };
		EFAD383820286C4000DA5197 /* bls12_skew_frobenius.c */ = {isa = PBXFileReference; lastKnownFileType = sourcecode.c.c; path = bls12_skew_frobenius.c; sourceTree = "<group>"; };
		EFAD383920286C4000DA5197 /* bls12_skew_frobenius.h */ = {isa = PBXFileReference; lastKnownFileType = sourcecode.c.h; path = bls12_skew_frobenius.h; sourceTree = "<group>"; };
		EFAD383B20286C8700DA5197 /* bls12_finalexp.c */ = {isa = PBXFileReference; lastKnownFileType = sourcecode.c.c; path = bls12_finalexp.c; sourceTree = "<group>"; };
		EFAD383C20286C8700DA5197 /* bls12_finalexp.h */ = {isa = PBXFileReference; lastKnownFileType = sourcecode.c.h; path = bls12_finalexp.h; sourceTree = "<group>"; };
		EFAD383E20286D8600DA5197 /* bls12_p8sparse.c */ = {isa = PBXFileReference; lastKnownFileType = sourcecode.c.c; path = bls12_p8sparse.c; sourceTree = "<group>"; };
		EFAD383F20286D8600DA5197 /* bls12_p8sparse.h */ = {isa = PBXFileReference; lastKnownFileType = sourcecode.c.h; path = bls12_p8sparse.h; sourceTree = "<group>"; };
		EFB2B7AF202927D1006973E8 /* bls12_line_ate.c */ = {isa = PBXFileReference; lastKnownFileType = sourcecode.c.c; path = bls12_line_ate.c; sourceTree = "<group>"; };
		EFB2B7B0202927D1006973E8 /* bls12_line_ate.h */ = {isa = PBXFileReference; lastKnownFileType = sourcecode.c.h; path = bls12_line_ate.h; sourceTree = "<group>"; };
		EFB2B7B220292865006973E8 /* bls12_line_tate.c */ = {isa = PBXFileReference; lastKnownFileType = sourcecode.c.c; path = bls12_line_tate.c; sourceTree = "<group>"; };
		EFB2B7B320292865006973E8 /* bls12_line_tate.h */ = {isa = PBXFileReference; lastKnownFileType = sourcecode.c.h; path = bls12_line_tate.h; sourceTree = "<group>"; };
		EFB2B7B5202928C7006973E8 /* bls12_miller_tate.c */ = {isa = PBXFileReference; lastKnownFileType = sourcecode.c.c; path = bls12_miller_tate.c; sourceTree = "<group>"; };
		EFB2B7B6202928C7006973E8 /* bls12_miller_tate.h */ = {isa = PBXFileReference; lastKnownFileType = sourcecode.c.h; path = bls12_miller_tate.h; sourceTree = "<group>"; };
		EFB2B7B820293004006973E8 /* bls12_miller_ate.c */ = {isa = PBXFileReference; lastKnownFileType = sourcecode.c.c; path = bls12_miller_ate.c; sourceTree = "<group>"; };
		EFB2B7B920293004006973E8 /* bls12_miller_ate.h */ = {isa = PBXFileReference; lastKnownFileType = sourcecode.c.h; path = bls12_miller_ate.h; sourceTree = "<group>"; };
		EFB2B7BB20293096006973E8 /* bls12_miller_optate.c */ = {isa = PBXFileReference; lastKnownFileType = sourcecode.c.c; path = bls12_miller_optate.c; sourceTree = "<group>"; };
		EFB2B7BC20293096006973E8 /* bls12_miller_optate.h */ = {isa = PBXFileReference; lastKnownFileType = sourcecode.c.h; path = bls12_miller_optate.h; sourceTree = "<group>"; };
		EFB2B7BE20293100006973E8 /* bls12_pairings.c */ = {isa = PBXFileReference; lastKnownFileType = sourcecode.c.c; path = bls12_pairings.c; sourceTree = "<group>"; };
		EFB2B7BF20293100006973E8 /* bls12_pairings.h */ = {isa = PBXFileReference; lastKnownFileType = sourcecode.c.h; path = bls12_pairings.h; sourceTree = "<group>"; };
		EFB2B7C120293526006973E8 /* bls12_generate_points.c */ = {isa = PBXFileReference; lastKnownFileType = sourcecode.c.c; path = bls12_generate_points.c; sourceTree = "<group>"; };
		EFB2B7C220293526006973E8 /* bls12_generate_points.h */ = {isa = PBXFileReference; lastKnownFileType = sourcecode.c.h; path = bls12_generate_points.h; sourceTree = "<group>"; };
		EFB2B7C420294065006973E8 /* bls12_scm.c */ = {isa = PBXFileReference; lastKnownFileType = sourcecode.c.c; path = bls12_scm.c; sourceTree = "<group>"; };
		EFB2B7C520294065006973E8 /* bls12_scm.h */ = {isa = PBXFileReference; lastKnownFileType = sourcecode.c.h; path = bls12_scm.h; sourceTree = "<group>"; };
		EFB2B7C7202941F2006973E8 /* bls12_G3_exp.c */ = {isa = PBXFileReference; lastKnownFileType = sourcecode.c.c; path = bls12_G3_exp.c; sourceTree = "<group>"; };
		EFB2B7C8202941F2006973E8 /* bls12_G3_exp.h */ = {isa = PBXFileReference; lastKnownFileType = sourcecode.c.h; path = bls12_G3_exp.h; sourceTree = "<group>"; };
		EFB2B7CA202942EC006973E8 /* bls12_test_pairings.c */ = {isa = PBXFileReference; lastKnownFileType = sourcecode.c.c; path = bls12_test_pairings.c; sourceTree = "<group>"; };
		EFB2B7CB202942ED006973E8 /* bls12_test_pairings.h */ = {isa = PBXFileReference; lastKnownFileType = sourcecode.c.h; path = bls12_test_pairings.h; sourceTree = "<group>"; };
		EFBDC70B2021598B00A70838 /* field_dtype.h */ = {isa = PBXFileReference; lastKnownFileType = sourcecode.c.h; path = field_dtype.h; sourceTree = "<group>"; };
		EFBDC70C20216C9F00A70838 /* bn_fp6.c */ = {isa = PBXFileReference; lastKnownFileType = sourcecode.c.c; path = bn_fp6.c; sourceTree = "<group>"; };
		EFBDC70D20216C9F00A70838 /* bn_fp6.h */ = {isa = PBXFileReference; lastKnownFileType = sourcecode.c.h; path = bn_fp6.h; sourceTree = "<group>"; };
		EFBDC70F20216D0200A70838 /* bn_fp12.c */ = {isa = PBXFileReference; lastKnownFileType = sourcecode.c.c; path = bn_fp12.c; sourceTree = "<group>"; };
		EFBDC71020216D0200A70838 /* bn_fp12.h */ = {isa = PBXFileReference; lastKnownFileType = sourcecode.c.h; path = bn_fp12.h; sourceTree = "<group>"; };
		EFBDC7122021751D00A70838 /* bn_bls12_precoms.c */ = {isa = PBXFileReference; lastKnownFileType = sourcecode.c.c; path = bn_bls12_precoms.c; sourceTree = "<group>"; };
		EFBDC7132021751D00A70838 /* bn_bls12_precoms.h */ = {isa = PBXFileReference; lastKnownFileType = sourcecode.c.h; path = bn_bls12_precoms.h; sourceTree = "<group>"; };
		EFBDC7152022D50800A70838 /* bn_inits.c */ = {isa = PBXFileReference; lastKnownFileType = sourcecode.c.c; path = bn_inits.c; sourceTree = "<group>"; };
		EFBDC7162022D50800A70838 /* bn_inits.h */ = {isa = PBXFileReference; lastKnownFileType = sourcecode.c.h; path = bn_inits.h; sourceTree = "<group>"; };
		EFBDC7182022DB1500A70838 /* bn_clears.c */ = {isa = PBXFileReference; lastKnownFileType = sourcecode.c.c; path = bn_clears.c; sourceTree = "<group>"; };
		EFBDC7192022DB1500A70838 /* bn_clears.h */ = {isa = PBXFileReference; lastKnownFileType = sourcecode.c.h; path = bn_clears.h; sourceTree = "<group>"; };
		EFBDC71B2022E28E00A70838 /* bn_utils.c */ = {isa = PBXFileReference; lastKnownFileType = sourcecode.c.c; path = bn_utils.c; sourceTree = "<group>"; };
		EFBDC71C2022E28E00A70838 /* bn_utils.h */ = {isa = PBXFileReference; lastKnownFileType = sourcecode.c.h; path = bn_utils.h; sourceTree = "<group>"; };
		EFBDC71E2022EA6600A70838 /* bn_prints.c */ = {isa = PBXFileReference; lastKnownFileType = sourcecode.c.c; path = bn_prints.c; sourceTree = "<group>"; };
		EFBDC71F2022EA6600A70838 /* bn_prints.h */ = {isa = PBXFileReference; lastKnownFileType = sourcecode.c.h; path = bn_prints.h; sourceTree = "<group>"; };
		EFBDC7212022F9AA00A70838 /* bn_efp.c */ = {isa = PBXFileReference; lastKnownFileType = sourcecode.c.c; path = bn_efp.c; sourceTree = "<group>"; };
		EFBDC7222022F9AA00A70838 /* bn_efp.h */ = {isa = PBXFileReference; lastKnownFileType = sourcecode.c.h; path = bn_efp.h; sourceTree = "<group>"; };
		EFBDC7252022FA0F00A70838 /* curve_dtypes.h */ = {isa = PBXFileReference; lastKnownFileType = sourcecode.c.h; path = curve_dtypes.h; sourceTree = "<group>"; };
		EFBDC7272022FCCD00A70838 /* bn_efp2.c */ = {isa = PBXFileReference; lastKnownFileType = sourcecode.c.c; path = bn_efp2.c; sourceTree = "<group>"; };
		EFBDC7282022FCCD00A70838 /* bn_efp2.h */ = {isa = PBXFileReference; lastKnownFileType = sourcecode.c.h; path = bn_efp2.h; sourceTree = "<group>"; };
		EFBDC72A2022FEA200A70838 /* bn_efp6.c */ = {isa = PBXFileReference; lastKnownFileType = sourcecode.c.c; path = bn_efp6.c; sourceTree = "<group>"; };
		EFBDC72B2022FEA200A70838 /* bn_efp6.h */ = {isa = PBXFileReference; lastKnownFileType = sourcecode.c.h; path = bn_efp6.h; sourceTree = "<group>"; };
		EFBDC72D2022FF1100A70838 /* bn_efp12.c */ = {isa = PBXFileReference; lastKnownFileType = sourcecode.c.c; path = bn_efp12.c; sourceTree = "<group>"; };
		EFBDC72E2022FF1100A70838 /* bn_efp12.h */ = {isa = PBXFileReference; lastKnownFileType = sourcecode.c.h; path = bn_efp12.h; sourceTree = "<group>"; };
		EFBDC7302023093200A70838 /* bn_generate_points.c */ = {isa = PBXFileReference; lastKnownFileType = sourcecode.c.c; path = bn_generate_points.c; sourceTree = "<group>"; };
		EFBDC7312023093200A70838 /* bn_generate_points.h */ = {isa = PBXFileReference; lastKnownFileType = sourcecode.c.h; path = bn_generate_points.h; sourceTree = "<group>"; };
		EFBDC733202309C100A70838 /* bn_frobenius.c */ = {isa = PBXFileReference; lastKnownFileType = sourcecode.c.c; path = bn_frobenius.c; sourceTree = "<group>"; };
		EFBDC734202309C100A70838 /* bn_frobenius.h */ = {isa = PBXFileReference; lastKnownFileType = sourcecode.c.h; path = bn_frobenius.h; sourceTree = "<group>"; };
		EFC43EA82019BF5D0033170A /* curve_settings.c */ = {isa = PBXFileReference; fileEncoding = 4; lastKnownFileType = sourcecode.c.c; path = curve_settings.c; sourceTree = "<group>"; };
		EFC43EA92019BF5D0033170A /* curve_settings.h */ = {isa = PBXFileReference; fileEncoding = 4; lastKnownFileType = sourcecode.c.h; path = curve_settings.h; sourceTree = "<group>"; };
		EFE89535203ABF5A00A4A377 /* kss16_inits.c */ = {isa = PBXFileReference; lastKnownFileType = sourcecode.c.c; path = kss16_inits.c; sourceTree = "<group>"; };
		EFE89536203ABF5A00A4A377 /* kss16_inits.h */ = {isa = PBXFileReference; lastKnownFileType = sourcecode.c.h; path = kss16_inits.h; sourceTree = "<group>"; };
		EFF14496201F0970009D8F2B /* bn_fp.h */ = {isa = PBXFileReference; lastKnownFileType = sourcecode.c.h; path = bn_fp.h; sourceTree = "<group>"; };
		EFF14497201F0976009D8F2B /* bn_fp.c */ = {isa = PBXFileReference; fileEncoding = 4; lastKnownFileType = sourcecode.c.c; path = bn_fp.c; sourceTree = "<group>"; };
		EFF14499201F0AEA009D8F2B /* bn_fp2.c */ = {isa = PBXFileReference; lastKnownFileType = sourcecode.c.c; path = bn_fp2.c; sourceTree = "<group>"; };
		EFF1449A201F0AEA009D8F2B /* bn_fp2.h */ = {isa = PBXFileReference; lastKnownFileType = sourcecode.c.h; path = bn_fp2.h; sourceTree = "<group>"; };
		EFFFEDD32019A1BC006B51FA /* elips_refactoring */ = {isa = PBXFileReference; explicitFileType = "compiled.mach-o.executable"; includeInIndex = 0; path = elips_refactoring; sourceTree = BUILT_PRODUCTS_DIR; };
		EFFFEDD62019A1BC006B51FA /* main.c */ = {isa = PBXFileReference; lastKnownFileType = sourcecode.c.c; path = main.c; sourceTree = "<group>"; };
		EFFFEDDD2019A1CD006B51FA /* libgmp.a */ = {isa = PBXFileReference; lastKnownFileType = archive.ar; path = libgmp.a; sourceTree = "<group>"; };
		EFFFEDE22019A240006B51FA /* Commont_headers.h */ = {isa = PBXFileReference; lastKnownFileType = sourcecode.c.h; path = Commont_headers.h; sourceTree = "<group>"; };
/* End PBXFileReference section */

/* Begin PBXFrameworksBuildPhase section */
		EFFFEDD02019A1BC006B51FA /* Frameworks */ = {
			isa = PBXFrameworksBuildPhase;
			buildActionMask = 2147483647;
			files = (
				EFFFEDDE2019A1CD006B51FA /* libgmp.a in Frameworks */,
			);
			runOnlyForDeploymentPostprocessing = 0;
		};
/* End PBXFrameworksBuildPhase section */

/* Begin PBXGroup section */
		EF58E68920243561005CA2D5 /* BN */ = {
			isa = PBXGroup;
			children = (
				EFBDC7182022DB1500A70838 /* bn_clears.c */,
				EFBDC7192022DB1500A70838 /* bn_clears.h */,
				EFBDC7252022FA0F00A70838 /* curve_dtypes.h */,
				EFBDC7212022F9AA00A70838 /* bn_efp.c */,
				EFBDC7222022F9AA00A70838 /* bn_efp.h */,
				EFBDC7272022FCCD00A70838 /* bn_efp2.c */,
				EFBDC7282022FCCD00A70838 /* bn_efp2.h */,
				EFBDC72A2022FEA200A70838 /* bn_efp6.c */,
				EFBDC72B2022FEA200A70838 /* bn_efp6.h */,
				EFBDC72D2022FF1100A70838 /* bn_efp12.c */,
				EFBDC72E2022FF1100A70838 /* bn_efp12.h */,
				EFBDC70B2021598B00A70838 /* field_dtype.h */,
				EF8514522023F2C100640A0F /* bn_final_exp.c */,
				EF8514532023F2C100640A0F /* bn_final_exp.h */,
				EFF14497201F0976009D8F2B /* bn_fp.c */,
				EFF14496201F0970009D8F2B /* bn_fp.h */,
				EFF14499201F0AEA009D8F2B /* bn_fp2.c */,
				EFF1449A201F0AEA009D8F2B /* bn_fp2.h */,
				EFBDC70C20216C9F00A70838 /* bn_fp6.c */,
				EFBDC70D20216C9F00A70838 /* bn_fp6.h */,
				EFBDC70F20216D0200A70838 /* bn_fp12.c */,
				EFBDC71020216D0200A70838 /* bn_fp12.h */,
				EFBDC733202309C100A70838 /* bn_frobenius.c */,
				EFBDC734202309C100A70838 /* bn_frobenius.h */,
				EFBDC7302023093200A70838 /* bn_generate_points.c */,
				EFBDC7312023093200A70838 /* bn_generate_points.h */,
				EF85144C2023F0A300640A0F /* bn_line_ate.c */,
				EFBDC7152022D50800A70838 /* bn_inits.c */,
				EFBDC7162022D50800A70838 /* bn_inits.h */,
				EF85144D2023F0A300640A0F /* bn_line_ate.h */,
				EF8514582023F65500640A0F /* bn_line_tate.c */,
				EF8514592023F65500640A0F /* bn_line_tate.h */,
				EF85145E2023F7A400640A0F /* bn_miller_ate.c */,
				EF85145F2023F7A400640A0F /* bn_miller_ate.h */,
				EF85145B2023F6BE00640A0F /* bn_miller_optate.c */,
				EF85145C2023F6BE00640A0F /* bn_miller_optate.h */,
				EF8514612023FA3600640A0F /* bn_miller_tate.c */,
				EF8514622023FA3600640A0F /* bn_miller_tate.h */,
				EF8514642023FD3600640A0F /* bn_miller_xate.c */,
				EF8514652023FD3600640A0F /* bn_miller_xate.h */,
				EF85144F2023F13200640A0F /* bn_p8sparse.c */,
				EF8514502023F13200640A0F /* bn_p8sparse.h */,
				EF85146A2024026C00640A0F /* bn_pairing_test.c */,
				EF85146B2024026C00640A0F /* bn_pairing_test.h */,
				EF8514672023FE1400640A0F /* bn_pairings.c */,
				EF8514682023FE1400640A0F /* bn_pairings.h */,
				EFBDC7122021751D00A70838 /* bn_bls12_precoms.c */,
				EFBDC7132021751D00A70838 /* bn_bls12_precoms.h */,
				EFBDC71E2022EA6600A70838 /* bn_prints.c */,
				EFBDC71F2022EA6600A70838 /* bn_prints.h */,
				EFC43EA82019BF5D0033170A /* curve_settings.c */,
				EFC43EA92019BF5D0033170A /* curve_settings.h */,
				EF8514462023EF2300640A0F /* bn_skew_frobenius.c */,
				EF8514472023EF2300640A0F /* bn_skew_frobenius.h */,
				EF8514492023EFE300640A0F /* bn_twist.c */,
				EF85144A2023EFE300640A0F /* bn_twist.h */,
				EFBDC71B2022E28E00A70838 /* bn_utils.c */,
				EFBDC71C2022E28E00A70838 /* bn_utils.h */,
			);
			path = BN;
			sourceTree = "<group>";
		};
		EF58E68D20246B54005CA2D5 /* BLS */ = {
			isa = PBXGroup;
			children = (
				EFAD383B20286C8700DA5197 /* bls12_finalexp.c */,
				EFAD383C20286C8700DA5197 /* bls12_finalexp.h */,
				EFAD383520286BDF00DA5197 /* bls12_frobenius.c */,
				EFAD383620286BDF00DA5197 /* bls12_frobenius.h */,
				EFB2B7C7202941F2006973E8 /* bls12_G3_exp.c */,
				EFB2B7C8202941F2006973E8 /* bls12_G3_exp.h */,
				EFB2B7C120293526006973E8 /* bls12_generate_points.c */,
				EFB2B7C220293526006973E8 /* bls12_generate_points.h */,
				EFAD382F202836AE00DA5197 /* bls12_inits.c */,
				EFAD3830202836AE00DA5197 /* bls12_inits.h */,
				EFB2B7AF202927D1006973E8 /* bls12_line_ate.c */,
				EFB2B7B0202927D1006973E8 /* bls12_line_ate.h */,
				EFB2B7B220292865006973E8 /* bls12_line_tate.c */,
				EFB2B7B320292865006973E8 /* bls12_line_tate.h */,
				EFB2B7B820293004006973E8 /* bls12_miller_ate.c */,
				EFB2B7B920293004006973E8 /* bls12_miller_ate.h */,
				EFB2B7BB20293096006973E8 /* bls12_miller_optate.c */,
				EFB2B7BC20293096006973E8 /* bls12_miller_optate.h */,
				EFB2B7B5202928C7006973E8 /* bls12_miller_tate.c */,
				EFB2B7B6202928C7006973E8 /* bls12_miller_tate.h */,
				EFAD383E20286D8600DA5197 /* bls12_p8sparse.c */,
				EFAD383F20286D8600DA5197 /* bls12_p8sparse.h */,
				EFB2B7BE20293100006973E8 /* bls12_pairings.c */,
				EFB2B7BF20293100006973E8 /* bls12_pairings.h */,
				EFB2B7C420294065006973E8 /* bls12_scm.c */,
				EFB2B7C520294065006973E8 /* bls12_scm.h */,
				EFAD383820286C4000DA5197 /* bls12_skew_frobenius.c */,
				EFAD383920286C4000DA5197 /* bls12_skew_frobenius.h */,
				EFB2B7CA202942EC006973E8 /* bls12_test_pairings.c */,
				EFB2B7CB202942ED006973E8 /* bls12_test_pairings.h */,
				EFAD38292028065D00DA5197 /* bls12_timeprint.c */,
				EFAD382A2028065D00DA5197 /* bls12_timeprint.h */,
				EFAD382C2028073400DA5197 /* bls12_twist.c */,
				EFAD382D2028073400DA5197 /* bls12_twist.h */,
			);
			path = BLS;
			sourceTree = "<group>";
		};
		EFE89531203A565600A4A377 /* KSS16 */ = {
			isa = PBXGroup;
			children = (
				EFE89535203ABF5A00A4A377 /* kss16_inits.c */,
				EFE89536203ABF5A00A4A377 /* kss16_inits.h */,
			);
			path = KSS16;
			sourceTree = "<group>";
		};
		EFFFEDCA2019A1BC006B51FA = {
			isa = PBXGroup;
			children = (
				EFFFEDD52019A1BC006B51FA /* elips_refactoring */,
				EFFFEDD42019A1BC006B51FA /* Products */,
			);
			sourceTree = "<group>";
		};
		EFFFEDD42019A1BC006B51FA /* Products */ = {
			isa = PBXGroup;
			children = (
				EFFFEDD32019A1BC006B51FA /* elips_refactoring */,
			);
			name = Products;
			sourceTree = "<group>";
		};
		EFFFEDD52019A1BC006B51FA /* elips_refactoring */ = {
			isa = PBXGroup;
			children = (
				EFE89531203A565600A4A377 /* KSS16 */,
				EF58E68D20246B54005CA2D5 /* BLS */,
				EF58E68920243561005CA2D5 /* BN */,
				EFFFEDDD2019A1CD006B51FA /* libgmp.a */,
				EFFFEDE22019A240006B51FA /* Commont_headers.h */,
				EFFFEDD62019A1BC006B51FA /* main.c */,
			);
			path = elips_refactoring;
			sourceTree = "<group>";
		};
/* End PBXGroup section */

/* Begin PBXNativeTarget section */
		EFFFEDD22019A1BC006B51FA /* elips_refactoring */ = {
			isa = PBXNativeTarget;
			buildConfigurationList = EFFFEDDA2019A1BC006B51FA /* Build configuration list for PBXNativeTarget "elips_refactoring" */;
			buildPhases = (
				EFFFEDCF2019A1BC006B51FA /* Sources */,
				EFFFEDD02019A1BC006B51FA /* Frameworks */,
				EFFFEDD12019A1BC006B51FA /* CopyFiles */,
			);
			buildRules = (
			);
			dependencies = (
			);
			name = elips_refactoring;
			productName = elips_refactoring;
			productReference = EFFFEDD32019A1BC006B51FA /* elips_refactoring */;
			productType = "com.apple.product-type.tool";
		};
/* End PBXNativeTarget section */

/* Begin PBXProject section */
		EFFFEDCB2019A1BC006B51FA /* Project object */ = {
			isa = PBXProject;
			attributes = {
				LastUpgradeCheck = 0920;
				ORGANIZATIONNAME = "ISec Lab";
				TargetAttributes = {
					EFFFEDD22019A1BC006B51FA = {
						CreatedOnToolsVersion = 9.2;
						ProvisioningStyle = Automatic;
					};
				};
			};
			buildConfigurationList = EFFFEDCE2019A1BC006B51FA /* Build configuration list for PBXProject "elips_refactoring" */;
			compatibilityVersion = "Xcode 8.0";
			developmentRegion = en;
			hasScannedForEncodings = 0;
			knownRegions = (
				en,
			);
			mainGroup = EFFFEDCA2019A1BC006B51FA;
			productRefGroup = EFFFEDD42019A1BC006B51FA /* Products */;
			projectDirPath = "";
			projectRoot = "";
			targets = (
				EFFFEDD22019A1BC006B51FA /* elips_refactoring */,
			);
		};
/* End PBXProject section */

/* Begin PBXSourcesBuildPhase section */
		EFFFEDCF2019A1BC006B51FA /* Sources */ = {
			isa = PBXSourcesBuildPhase;
			buildActionMask = 2147483647;
			files = (
				EF85145A2023F65500640A0F /* bn_line_tate.c in Sources */,
				EFAD382B2028065D00DA5197 /* bls12_timeprint.c in Sources */,
				EFB2B7B1202927D1006973E8 /* bls12_line_ate.c in Sources */,
				EFB2B7C320293526006973E8 /* bls12_generate_points.c in Sources */,
				EFBDC735202309C100A70838 /* bn_frobenius.c in Sources */,
				EFB2B7CC202942ED006973E8 /* bls12_test_pairings.c in Sources */,
				EFBDC7142021751D00A70838 /* bn_bls12_precoms.c in Sources */,
				EFBDC7172022D50800A70838 /* bn_inits.c in Sources */,
				EFF1449B201F0AEA009D8F2B /* bn_fp2.c in Sources */,
				EFAD3831202836AE00DA5197 /* bls12_inits.c in Sources */,
				EFF14498201F0976009D8F2B /* bn_fp.c in Sources */,
				EFB2B7C620294065006973E8 /* bls12_scm.c in Sources */,
				EFB2B7C020293100006973E8 /* bls12_pairings.c in Sources */,
				EFBDC72C2022FEA200A70838 /* bn_efp6.c in Sources */,
				EFB2B7BA20293004006973E8 /* bls12_miller_ate.c in Sources */,
				EFAD383720286BDF00DA5197 /* bls12_frobenius.c in Sources */,
				EFBDC71A2022DB1500A70838 /* bn_clears.c in Sources */,
				EFBDC71120216D0200A70838 /* bn_fp12.c in Sources */,
				EFC43EAA2019BF5D0033170A /* curve_settings.c in Sources */,
				EF85144B2023EFE300640A0F /* bn_twist.c in Sources */,
				EF8514602023F7A400640A0F /* bn_miller_ate.c in Sources */,
				EFB2B7B7202928C7006973E8 /* bls12_miller_tate.c in Sources */,
				EF85145D2023F6BE00640A0F /* bn_miller_optate.c in Sources */,
				EFB2B7B420292865006973E8 /* bls12_line_tate.c in Sources */,
				EFBDC7232022F9AA00A70838 /* bn_efp.c in Sources */,
				EFBDC71D2022E28E00A70838 /* bn_utils.c in Sources */,
				EFB2B7BD20293096006973E8 /* bls12_miller_optate.c in Sources */,
				EFFFEDD72019A1BC006B51FA /* main.c in Sources */,
				EFBDC7322023093200A70838 /* bn_generate_points.c in Sources */,
				EF8514542023F2C100640A0F /* bn_final_exp.c in Sources */,
				EF8514632023FA3600640A0F /* bn_miller_tate.c in Sources */,
				EF85144E2023F0A300640A0F /* bn_line_ate.c in Sources */,
				EFAD382E2028073400DA5197 /* bls12_twist.c in Sources */,
				EFBDC70E20216C9F00A70838 /* bn_fp6.c in Sources */,
				EFB2B7C9202941F2006973E8 /* bls12_G3_exp.c in Sources */,
				EFAD384020286D8600DA5197 /* bls12_p8sparse.c in Sources */,
				EFAD383D20286C8700DA5197 /* bls12_finalexp.c in Sources */,
				EF8514662023FD3600640A0F /* bn_miller_xate.c in Sources */,
				EFAD383A20286C4000DA5197 /* bls12_skew_frobenius.c in Sources */,
				EF85146C2024026C00640A0F /* bn_pairing_test.c in Sources */,
				EFBDC72F2022FF1100A70838 /* bn_efp12.c in Sources */,
				EF8514482023EF2300640A0F /* bn_skew_frobenius.c in Sources */,
				EF8514512023F13200640A0F /* bn_p8sparse.c in Sources */,
				EFBDC7292022FCCD00A70838 /* bn_efp2.c in Sources */,
				EFE89537203ABF5A00A4A377 /* kss16_inits.c in Sources */,
				EF8514692023FE1400640A0F /* bn_pairings.c in Sources */,
				EFBDC7202022EA6600A70838 /* bn_prints.c in Sources */,
			);
			runOnlyForDeploymentPostprocessing = 0;
		};
/* End PBXSourcesBuildPhase section */

/* Begin XCBuildConfiguration section */
		EFFFEDD82019A1BC006B51FA /* Debug */ = {
			isa = XCBuildConfiguration;
			buildSettings = {
				ALWAYS_SEARCH_USER_PATHS = NO;
				CLANG_ANALYZER_NONNULL = YES;
				CLANG_ANALYZER_NUMBER_OBJECT_CONVERSION = YES_AGGRESSIVE;
				CLANG_CXX_LANGUAGE_STANDARD = "gnu++14";
				CLANG_CXX_LIBRARY = "libc++";
				CLANG_ENABLE_MODULES = YES;
				CLANG_ENABLE_OBJC_ARC = YES;
				CLANG_WARN_BLOCK_CAPTURE_AUTORELEASING = YES;
				CLANG_WARN_BOOL_CONVERSION = YES;
				CLANG_WARN_COMMA = YES;
				CLANG_WARN_CONSTANT_CONVERSION = YES;
				CLANG_WARN_DIRECT_OBJC_ISA_USAGE = YES_ERROR;
				CLANG_WARN_DOCUMENTATION_COMMENTS = YES;
				CLANG_WARN_EMPTY_BODY = YES;
				CLANG_WARN_ENUM_CONVERSION = YES;
				CLANG_WARN_INFINITE_RECURSION = YES;
				CLANG_WARN_INT_CONVERSION = YES;
				CLANG_WARN_NON_LITERAL_NULL_CONVERSION = YES;
				CLANG_WARN_OBJC_LITERAL_CONVERSION = YES;
				CLANG_WARN_OBJC_ROOT_CLASS = YES_ERROR;
				CLANG_WARN_RANGE_LOOP_ANALYSIS = YES;
				CLANG_WARN_STRICT_PROTOTYPES = YES;
				CLANG_WARN_SUSPICIOUS_MOVE = YES;
				CLANG_WARN_UNGUARDED_AVAILABILITY = YES_AGGRESSIVE;
				CLANG_WARN_UNREACHABLE_CODE = YES;
				CLANG_WARN__DUPLICATE_METHOD_MATCH = YES;
				CODE_SIGN_IDENTITY = "Mac Developer";
				COPY_PHASE_STRIP = NO;
				DEBUG_INFORMATION_FORMAT = dwarf;
				ENABLE_STRICT_OBJC_MSGSEND = YES;
				ENABLE_TESTABILITY = YES;
				GCC_C_LANGUAGE_STANDARD = gnu11;
				GCC_DYNAMIC_NO_PIC = NO;
				GCC_NO_COMMON_BLOCKS = YES;
				GCC_OPTIMIZATION_LEVEL = 0;
				GCC_PREPROCESSOR_DEFINITIONS = (
					"DEBUG=1",
					"$(inherited)",
				);
				GCC_WARN_64_TO_32_BIT_CONVERSION = YES;
				GCC_WARN_ABOUT_RETURN_TYPE = YES_ERROR;
				GCC_WARN_UNDECLARED_SELECTOR = YES;
				GCC_WARN_UNINITIALIZED_AUTOS = YES_AGGRESSIVE;
				GCC_WARN_UNUSED_FUNCTION = YES;
				GCC_WARN_UNUSED_VARIABLE = YES;
				MACOSX_DEPLOYMENT_TARGET = 10.12;
				MTL_ENABLE_DEBUG_INFO = YES;
				ONLY_ACTIVE_ARCH = YES;
				SDKROOT = macosx;
			};
			name = Debug;
		};
		EFFFEDD92019A1BC006B51FA /* Release */ = {
			isa = XCBuildConfiguration;
			buildSettings = {
				ALWAYS_SEARCH_USER_PATHS = NO;
				CLANG_ANALYZER_NONNULL = YES;
				CLANG_ANALYZER_NUMBER_OBJECT_CONVERSION = YES_AGGRESSIVE;
				CLANG_CXX_LANGUAGE_STANDARD = "gnu++14";
				CLANG_CXX_LIBRARY = "libc++";
				CLANG_ENABLE_MODULES = YES;
				CLANG_ENABLE_OBJC_ARC = YES;
				CLANG_WARN_BLOCK_CAPTURE_AUTORELEASING = YES;
				CLANG_WARN_BOOL_CONVERSION = YES;
				CLANG_WARN_COMMA = YES;
				CLANG_WARN_CONSTANT_CONVERSION = YES;
				CLANG_WARN_DIRECT_OBJC_ISA_USAGE = YES_ERROR;
				CLANG_WARN_DOCUMENTATION_COMMENTS = YES;
				CLANG_WARN_EMPTY_BODY = YES;
				CLANG_WARN_ENUM_CONVERSION = YES;
				CLANG_WARN_INFINITE_RECURSION = YES;
				CLANG_WARN_INT_CONVERSION = YES;
				CLANG_WARN_NON_LITERAL_NULL_CONVERSION = YES;
				CLANG_WARN_OBJC_LITERAL_CONVERSION = YES;
				CLANG_WARN_OBJC_ROOT_CLASS = YES_ERROR;
				CLANG_WARN_RANGE_LOOP_ANALYSIS = YES;
				CLANG_WARN_STRICT_PROTOTYPES = YES;
				CLANG_WARN_SUSPICIOUS_MOVE = YES;
				CLANG_WARN_UNGUARDED_AVAILABILITY = YES_AGGRESSIVE;
				CLANG_WARN_UNREACHABLE_CODE = YES;
				CLANG_WARN__DUPLICATE_METHOD_MATCH = YES;
				CODE_SIGN_IDENTITY = "Mac Developer";
				COPY_PHASE_STRIP = NO;
				DEBUG_INFORMATION_FORMAT = "dwarf-with-dsym";
				ENABLE_NS_ASSERTIONS = NO;
				ENABLE_STRICT_OBJC_MSGSEND = YES;
				GCC_C_LANGUAGE_STANDARD = gnu11;
				GCC_NO_COMMON_BLOCKS = YES;
				GCC_WARN_64_TO_32_BIT_CONVERSION = YES;
				GCC_WARN_ABOUT_RETURN_TYPE = YES_ERROR;
				GCC_WARN_UNDECLARED_SELECTOR = YES;
				GCC_WARN_UNINITIALIZED_AUTOS = YES_AGGRESSIVE;
				GCC_WARN_UNUSED_FUNCTION = YES;
				GCC_WARN_UNUSED_VARIABLE = YES;
				MACOSX_DEPLOYMENT_TARGET = 10.12;
				MTL_ENABLE_DEBUG_INFO = NO;
				SDKROOT = macosx;
			};
			name = Release;
		};
		EFFFEDDB2019A1BC006B51FA /* Debug */ = {
			isa = XCBuildConfiguration;
			buildSettings = {
				CODE_SIGN_STYLE = Automatic;
				DEVELOPMENT_TEAM = 83XHM8TH3F;
				HEADER_SEARCH_PATHS = /usr/local/include/;
				LD_NO_PIE = YES;
				LIBRARY_SEARCH_PATHS = (
					"$(inherited)",
					"$(PROJECT_DIR)/elips_refactoring",
				);
				PRODUCT_NAME = "$(TARGET_NAME)";
			};
			name = Debug;
		};
		EFFFEDDC2019A1BC006B51FA /* Release */ = {
			isa = XCBuildConfiguration;
			buildSettings = {
				CODE_SIGN_STYLE = Automatic;
				DEVELOPMENT_TEAM = 83XHM8TH3F;
				HEADER_SEARCH_PATHS = /usr/local/include/;
				LD_NO_PIE = YES;
				LIBRARY_SEARCH_PATHS = (
					"$(inherited)",
					"$(PROJECT_DIR)/elips_refactoring",
				);
				PRODUCT_NAME = "$(TARGET_NAME)";
			};
			name = Release;
		};
/* End XCBuildConfiguration section */

/* Begin XCConfigurationList section */
		EFFFEDCE2019A1BC006B51FA /* Build configuration list for PBXProject "elips_refactoring" */ = {
			isa = XCConfigurationList;
			buildConfigurations = (
				EFFFEDD82019A1BC006B51FA /* Debug */,
				EFFFEDD92019A1BC006B51FA /* Release */,
			);
			defaultConfigurationIsVisible = 0;
			defaultConfigurationName = Release;
		};
		EFFFEDDA2019A1BC006B51FA /* Build configuration list for PBXNativeTarget "elips_refactoring" */ = {
			isa = XCConfigurationList;
			buildConfigurations = (
				EFFFEDDB2019A1BC006B51FA /* Debug */,
				EFFFEDDC2019A1BC006B51FA /* Release */,
			);
			defaultConfigurationIsVisible = 0;
			defaultConfigurationName = Release;
		};
/* End XCConfigurationList section */
	};
	rootObject = EFFFEDCB2019A1BC006B51FA /* Project object */;
}
